
Microsoft Visual Studio Solution File, Format Version 12.00
# Visual Studio Version 16
VisualStudioVersion = 16.0.29009.5
MinimumVisualStudioVersion = 10.0.40219.1
Project("{2150E333-8FDC-42A3-9474-1A3956D46DE8}") = "Common", "Common", "{E970C650-8C22-4A0A-BDF5-C0143B237451}"
EndProject
Project("{2150E333-8FDC-42A3-9474-1A3956D46DE8}") = "Depend", "Depend", "{326D1298-F5E7-497E-83AA-0B5F5E2C3B64}"
EndProject
Project("{2150E333-8FDC-42A3-9474-1A3956D46DE8}") = "Editor", "Editor", "{FA92ECEC-E9C2-4647-A29A-2AB5D514409D}"
EndProject
Project("{2150E333-8FDC-42A3-9474-1A3956D46DE8}") = "Game", "Game", "{4F7C996E-C5F0-4FCC-B0B3-0623A94D8D60}"
EndProject
Project("{2150E333-8FDC-42A3-9474-1A3956D46DE8}") = "Tool", "Tool", "{DCBBE9FA-3165-424D-ABEE-327FB986E7F4}"
EndProject
Project("{8BC9CEB8-8B4A-11D0-8D11-00A0C91BC942}") = "lzma", "Depend\Lzma\lzma.vcxproj", "{72EDBBEB-5943-4C74-A660-A14349B40D6E}"
EndProject
Project("{8BC9CEB8-8B4A-11D0-8D11-00A0C91BC942}") = "luaex", "Depend\luaex\luaex.vcxproj", "{D649BA67-B6CF-3BD4-A5A1-D43F71858497}"
EndProject
Project("{9A19103F-16F7-4668-BE54-9A1E7A4F7556}") = "UGameData", "UCommon\UGameData\UGameData.csproj", "{62E07419-8796-4140-A131-7343648F4840}"
EndProject
Project("{9A19103F-16F7-4668-BE54-9A1E7A4F7556}") = "UCore", "UCommon\UCore\UCore.csproj", "{5B9D620A-2A65-409E-BF7C-C9DA55A5BC67}"
EndProject
Project("{9A19103F-16F7-4668-BE54-9A1E7A4F7556}") = "UScript", "UCommon\UScript\UScript.csproj", "{551B6AAF-8922-44D5-9B55-2BD1E1601C17}"
EndProject
Project("{2150E333-8FDC-42A3-9474-1A3956D46DE8}") = "UGUI", "UGUI", "{B48CA107-AC3E-466B-968A-3CBC26CBEE32}"
EndProject
Project("{FAE04EC0-301F-11D3-BF4B-00C04F79EFBC}") = "UI", "UI\UI.csproj", "{64976AA1-BA19-45B0-A006-D5A9C98C1855}"
EndProject
Global
	GlobalSection(SolutionConfigurationPlatforms) = preSolution
		Debug|Any CPU = Debug|Any CPU
		Debug|x64 = Debug|x64
		Debug|x86 = Debug|x86
		Release|Any CPU = Release|Any CPU
		Release|x64 = Release|x64
		Release|x86 = Release|x86
	EndGlobalSection
	GlobalSection(ProjectConfigurationPlatforms) = postSolution
		{72EDBBEB-5943-4C74-A660-A14349B40D6E}.Debug|Any CPU.ActiveCfg = Debug|Win32
		{72EDBBEB-5943-4C74-A660-A14349B40D6E}.Debug|x64.ActiveCfg = Debug|x64
		{72EDBBEB-5943-4C74-A660-A14349B40D6E}.Debug|x64.Build.0 = Debug|x64
		{72EDBBEB-5943-4C74-A660-A14349B40D6E}.Debug|x86.ActiveCfg = Debug|Win32
		{72EDBBEB-5943-4C74-A660-A14349B40D6E}.Debug|x86.Build.0 = Debug|Win32
		{72EDBBEB-5943-4C74-A660-A14349B40D6E}.Release|Any CPU.ActiveCfg = Release|Win32
		{72EDBBEB-5943-4C74-A660-A14349B40D6E}.Release|x64.ActiveCfg = Release|x64
		{72EDBBEB-5943-4C74-A660-A14349B40D6E}.Release|x64.Build.0 = Release|x64
		{72EDBBEB-5943-4C74-A660-A14349B40D6E}.Release|x86.ActiveCfg = Release|Win32
		{72EDBBEB-5943-4C74-A660-A14349B40D6E}.Release|x86.Build.0 = Release|Win32
		{D649BA67-B6CF-3BD4-A5A1-D43F71858497}.Debug|Any CPU.ActiveCfg = Debug|Win32
		{D649BA67-B6CF-3BD4-A5A1-D43F71858497}.Debug|x64.ActiveCfg = Debug|x64
		{D649BA67-B6CF-3BD4-A5A1-D43F71858497}.Debug|x64.Build.0 = Debug|x64
		{D649BA67-B6CF-3BD4-A5A1-D43F71858497}.Debug|x86.ActiveCfg = Debug|Win32
		{D649BA67-B6CF-3BD4-A5A1-D43F71858497}.Debug|x86.Build.0 = Debug|Win32
		{D649BA67-B6CF-3BD4-A5A1-D43F71858497}.Release|Any CPU.ActiveCfg = Release|Win32
		{D649BA67-B6CF-3BD4-A5A1-D43F71858497}.Release|x64.ActiveCfg = Release|x64
		{D649BA67-B6CF-3BD4-A5A1-D43F71858497}.Release|x64.Build.0 = Release|x64
		{D649BA67-B6CF-3BD4-A5A1-D43F71858497}.Release|x86.ActiveCfg = Release|Win32
		{D649BA67-B6CF-3BD4-A5A1-D43F71858497}.Release|x86.Build.0 = Release|Win32
		{62E07419-8796-4140-A131-7343648F4840}.Debug|Any CPU.ActiveCfg = Debug|Any CPU
		{62E07419-8796-4140-A131-7343648F4840}.Debug|Any CPU.Build.0 = Debug|Any CPU
		{62E07419-8796-4140-A131-7343648F4840}.Debug|x64.ActiveCfg = Debug|Any CPU
		{62E07419-8796-4140-A131-7343648F4840}.Debug|x64.Build.0 = Debug|Any CPU
		{62E07419-8796-4140-A131-7343648F4840}.Debug|x86.ActiveCfg = Debug|Any CPU
		{62E07419-8796-4140-A131-7343648F4840}.Debug|x86.Build.0 = Debug|Any CPU
		{62E07419-8796-4140-A131-7343648F4840}.Release|Any CPU.ActiveCfg = Release|Any CPU
		{62E07419-8796-4140-A131-7343648F4840}.Release|Any CPU.Build.0 = Release|Any CPU
		{62E07419-8796-4140-A131-7343648F4840}.Release|x64.ActiveCfg = Release|Any CPU
		{62E07419-8796-4140-A131-7343648F4840}.Release|x64.Build.0 = Release|Any CPU
		{62E07419-8796-4140-A131-7343648F4840}.Release|x86.ActiveCfg = Release|Any CPU
		{62E07419-8796-4140-A131-7343648F4840}.Release|x86.Build.0 = Release|Any CPU
		{5B9D620A-2A65-409E-BF7C-C9DA55A5BC67}.Debug|Any CPU.ActiveCfg = Debug|Any CPU
		{5B9D620A-2A65-409E-BF7C-C9DA55A5BC67}.Debug|Any CPU.Build.0 = Debug|Any CPU
		{5B9D620A-2A65-409E-BF7C-C9DA55A5BC67}.Debug|x64.ActiveCfg = Debug|Any CPU
		{5B9D620A-2A65-409E-BF7C-C9DA55A5BC67}.Debug|x64.Build.0 = Debug|Any CPU
		{5B9D620A-2A65-409E-BF7C-C9DA55A5BC67}.Debug|x86.ActiveCfg = Debug|Any CPU
		{5B9D620A-2A65-409E-BF7C-C9DA55A5BC67}.Debug|x86.Build.0 = Debug|Any CPU
		{5B9D620A-2A65-409E-BF7C-C9DA55A5BC67}.Release|Any CPU.ActiveCfg = Release|Any CPU
		{5B9D620A-2A65-409E-BF7C-C9DA55A5BC67}.Release|Any CPU.Build.0 = Release|Any CPU
		{5B9D620A-2A65-409E-BF7C-C9DA55A5BC67}.Release|x64.ActiveCfg = Release|Any CPU
		{5B9D620A-2A65-409E-BF7C-C9DA55A5BC67}.Release|x64.Build.0 = Release|Any CPU
		{5B9D620A-2A65-409E-BF7C-C9DA55A5BC67}.Release|x86.ActiveCfg = Release|Any CPU
		{5B9D620A-2A65-409E-BF7C-C9DA55A5BC67}.Release|x86.Build.0 = Release|Any CPU
		{551B6AAF-8922-44D5-9B55-2BD1E1601C17}.Debug|Any CPU.ActiveCfg = Debug|Any CPU
		{551B6AAF-8922-44D5-9B55-2BD1E1601C17}.Debug|Any CPU.Build.0 = Debug|Any CPU
		{551B6AAF-8922-44D5-9B55-2BD1E1601C17}.Debug|x64.ActiveCfg = Debug|Any CPU
		{551B6AAF-8922-44D5-9B55-2BD1E1601C17}.Debug|x64.Build.0 = Debug|Any CPU
		{551B6AAF-8922-44D5-9B55-2BD1E1601C17}.Debug|x86.ActiveCfg = Debug|Any CPU
		{551B6AAF-8922-44D5-9B55-2BD1E1601C17}.Debug|x86.Build.0 = Debug|Any CPU
		{551B6AAF-8922-44D5-9B55-2BD1E1601C17}.Release|Any CPU.ActiveCfg = Release|Any CPU
		{551B6AAF-8922-44D5-9B55-2BD1E1601C17}.Release|Any CPU.Build.0 = Release|Any CPU
		{551B6AAF-8922-44D5-9B55-2BD1E1601C17}.Release|x64.ActiveCfg = Release|Any CPU
		{551B6AAF-8922-44D5-9B55-2BD1E1601C17}.Release|x64.Build.0 = Release|Any CPU
		{551B6AAF-8922-44D5-9B55-2BD1E1601C17}.Release|x86.ActiveCfg = Release|Any CPU
		{551B6AAF-8922-44D5-9B55-2BD1E1601C17}.Release|x86.Build.0 = Release|Any CPU
		{64976AA1-BA19-45B0-A006-D5A9C98C1855}.Debug|Any CPU.ActiveCfg = Debug|Any CPU
		{64976AA1-BA19-45B0-A006-D5A9C98C1855}.Debug|Any CPU.Build.0 = Debug|Any CPU
		{64976AA1-BA19-45B0-A006-D5A9C98C1855}.Debug|x64.ActiveCfg = Debug|Any CPU
		{64976AA1-BA19-45B0-A006-D5A9C98C1855}.Debug|x64.Build.0 = Debug|Any CPU
		{64976AA1-BA19-45B0-A006-D5A9C98C1855}.Debug|x86.ActiveCfg = Debug|Any CPU
		{64976AA1-BA19-45B0-A006-D5A9C98C1855}.Debug|x86.Build.0 = Debug|Any CPU
		{64976AA1-BA19-45B0-A006-D5A9C98C1855}.Release|Any CPU.ActiveCfg = Release|Any CPU
		{64976AA1-BA19-45B0-A006-D5A9C98C1855}.Release|Any CPU.Build.0 = Release|Any CPU
		{64976AA1-BA19-45B0-A006-D5A9C98C1855}.Release|x64.ActiveCfg = Release|Any CPU
		{64976AA1-BA19-45B0-A006-D5A9C98C1855}.Release|x64.Build.0 = Release|Any CPU
		{64976AA1-BA19-45B0-A006-D5A9C98C1855}.Release|x86.ActiveCfg = Release|Any CPU
		{64976AA1-BA19-45B0-A006-D5A9C98C1855}.Release|x86.Build.0 = Release|Any CPU
	EndGlobalSection
	GlobalSection(SolutionProperties) = preSolution
		HideSolutionNode = FALSE
	EndGlobalSection
	GlobalSection(NestedProjects) = preSolution
		{72EDBBEB-5943-4C74-A660-A14349B40D6E} = {326D1298-F5E7-497E-83AA-0B5F5E2C3B64}
		{D649BA67-B6CF-3BD4-A5A1-D43F71858497} = {326D1298-F5E7-497E-83AA-0B5F5E2C3B64}
		{62E07419-8796-4140-A131-7343648F4840} = {E970C650-8C22-4A0A-BDF5-C0143B237451}
		{5B9D620A-2A65-409E-BF7C-C9DA55A5BC67} = {E970C650-8C22-4A0A-BDF5-C0143B237451}
		{551B6AAF-8922-44D5-9B55-2BD1E1601C17} = {E970C650-8C22-4A0A-BDF5-C0143B237451}
		{64976AA1-BA19-45B0-A006-D5A9C98C1855} = {B48CA107-AC3E-466B-968A-3CBC26CBEE32}
	EndGlobalSection
	GlobalSection(ExtensibilityGlobals) = postSolution
		SolutionGuid = {6048B653-24DF-4789-AC50-80820F18D100}
	EndGlobalSection
EndGlobal
